
Microsoft Visual Studio Solution File, Format Version 12.00
# Visual Studio Version 17
VisualStudioVersion = 17.3.32922.545
MinimumVisualStudioVersion = 10.0.40219.1
Project("{FAE04EC0-301F-11D3-BF4B-00C04F79EFBC}") = "RetouchBugTracking", "RetouchBugTracking\RetouchBugTracking.csproj", "{846E5230-4C79-4889-AAC3-CF3E7017ED4A}"
EndProject
Project("{FAE04EC0-301F-11D3-BF4B-00C04F79EFBC}") = "DataAccessLayer", "DataAccessLayer\DataAccessLayer.csproj", "{C1235E52-704A-4C13-B667-80BDFB4C3047}"
EndProject
Global
	GlobalSection(SolutionConfigurationPlatforms) = preSolution
		Debug|Any CPU = Debug|Any CPU
		Release|Any CPU = Release|Any CPU
	EndGlobalSection
	GlobalSection(ProjectConfigurationPlatforms) = postSolution
		{846E5230-4C79-4889-AAC3-CF3E7017ED4A}.Debug|Any CPU.ActiveCfg = Debug|Any CPU
		{846E5230-4C79-4889-AAC3-CF3E7017ED4A}.Debug|Any CPU.Build.0 = Debug|Any CPU
		{846E5230-4C79-4889-AAC3-CF3E7017ED4A}.Release|Any CPU.ActiveCfg = Release|Any CPU
		{846E5230-4C79-4889-AAC3-CF3E7017ED4A}.Release|Any CPU.Build.0 = Release|Any CPU
		{C1235E52-704A-4C13-B667-80BDFB4C3047}.Debug|Any CPU.ActiveCfg = Debug|Any CPU
		{C1235E52-704A-4C13-B667-80BDFB4C3047}.Debug|Any CPU.Build.0 = Debug|Any CPU
		{C1235E52-704A-4C13-B667-80BDFB4C3047}.Release|Any CPU.ActiveCfg = Release|Any CPU
		{C1235E52-704A-4C13-B667-80BDFB4C3047}.Release|Any CPU.Build.0 = Release|Any CPU
	EndGlobalSection
	GlobalSection(SolutionProperties) = preSolution
		HideSolutionNode = FALSE
	EndGlobalSection
	GlobalSection(ExtensibilityGlobals) = postSolution
		SolutionGuid = {76B0B5D8-D324-4DE6-87BA-89FD102BFCE7}
	EndGlobalSection
EndGlobal
